
Microsoft Visual Studio Solution File, Format Version 12.00
# Visual Studio Version 17
VisualStudioVersion = 17.8.34525.116
MinimumVisualStudioVersion = 10.0.40219.1
Project("{9A19103F-16F7-4668-BE54-9A1E7A4F7556}") = "NZWalks.API", "NAWalks.API\NZWalks.API.csproj", "{B2F33A1C-3322-4F9A-84E9-96B82034B3D8}"
EndProject
Global
	GlobalSection(SolutionConfigurationPlatforms) = preSolution
		Debug|Any CPU = Debug|Any CPU
		Release|Any CPU = Release|Any CPU
	EndGlobalSection
	GlobalSection(ProjectConfigurationPlatforms) = postSolution
		{B2F33A1C-3322-4F9A-84E9-96B82034B3D8}.Debug|Any CPU.ActiveCfg = Debug|Any CPU
		{B2F33A1C-3322-4F9A-84E9-96B82034B3D8}.Debug|Any CPU.Build.0 = Debug|Any CPU
		{B2F33A1C-3322-4F9A-84E9-96B82034B3D8}.Release|Any CPU.ActiveCfg = Release|Any CPU
		{B2F33A1C-3322-4F9A-84E9-96B82034B3D8}.Release|Any CPU.Build.0 = Release|Any CPU
	EndGlobalSection
	GlobalSection(SolutionProperties) = preSolution
		HideSolutionNode = FALSE
	EndGlobalSection
	GlobalSection(ExtensibilityGlobals) = postSolution
		SolutionGuid = {FAD9D3B5-F3C8-44C6-A303-0F9770F85F4B}
	EndGlobalSection
EndGlobal
